
Microsoft Visual Studio Solution File, Format Version 12.00
# Visual Studio 2015
Project("{FAE04EC0-301F-11D3-BF4B-00C04F79EFBC}") = "SMAP Center 01.Plugins", "SMAP Center 01.Plugins.csproj", "{E49E562A-1A30-E0A0-D1D6-D6B44D5F6624}"
EndProject
Project("{FAE04EC0-301F-11D3-BF4B-00C04F79EFBC}") = "SMAP Center 01", "SMAP Center 01.csproj", "{1B84F0A9-B548-2A09-E59F-13BAB9510A17}"
EndProject
Project("{FAE04EC0-301F-11D3-BF4B-00C04F79EFBC}") = "SMAP Center 01.Editor", "SMAP Center 01.Editor.csproj", "{F8CA6701-BA08-C3B9-25DD-685E2D7AFAA5}"
EndProject
Global
	GlobalSection(SolutionConfigurationPlatforms) = preSolution
		Debug|Any CPU = Debug|Any CPU
		Release|Any CPU = Release|Any CPU
	EndGlobalSection
	GlobalSection(ProjectConfigurationPlatforms) = postSolution
		{E49E562A-1A30-E0A0-D1D6-D6B44D5F6624}.Debug|Any CPU.ActiveCfg = Debug|Any CPU
		{E49E562A-1A30-E0A0-D1D6-D6B44D5F6624}.Debug|Any CPU.Build.0 = Debug|Any CPU
		{E49E562A-1A30-E0A0-D1D6-D6B44D5F6624}.Release|Any CPU.ActiveCfg = Release|Any CPU
		{E49E562A-1A30-E0A0-D1D6-D6B44D5F6624}.Release|Any CPU.Build.0 = Release|Any CPU
		{1B84F0A9-B548-2A09-E59F-13BAB9510A17}.Debug|Any CPU.ActiveCfg = Debug|Any CPU
		{1B84F0A9-B548-2A09-E59F-13BAB9510A17}.Debug|Any CPU.Build.0 = Debug|Any CPU
		{1B84F0A9-B548-2A09-E59F-13BAB9510A17}.Release|Any CPU.ActiveCfg = Release|Any CPU
		{1B84F0A9-B548-2A09-E59F-13BAB9510A17}.Release|Any CPU.Build.0 = Release|Any CPU
		{F8CA6701-BA08-C3B9-25DD-685E2D7AFAA5}.Debug|Any CPU.ActiveCfg = Debug|Any CPU
		{F8CA6701-BA08-C3B9-25DD-685E2D7AFAA5}.Debug|Any CPU.Build.0 = Debug|Any CPU
		{F8CA6701-BA08-C3B9-25DD-685E2D7AFAA5}.Release|Any CPU.ActiveCfg = Release|Any CPU
		{F8CA6701-BA08-C3B9-25DD-685E2D7AFAA5}.Release|Any CPU.Build.0 = Release|Any CPU
	EndGlobalSection
	GlobalSection(SolutionProperties) = preSolution
		HideSolutionNode = FALSE
	EndGlobalSection
EndGlobal
